// !$*UTF8*$!
{
	archiveVersion = 1;
	classes = {
	};
	objectVersion = 50;
	objects = {

/* Begin PBXBuildFile section */
		C948425426E9C6E7000A3E16 /* DocumentViewerApp.swift in Sources */ = {isa = PBXBuildFile; fileRef = C948425326E9C6E7000A3E16 /* DocumentViewerApp.swift */; };
		C948425626E9C6E7000A3E16 /* ContentView.swift in Sources */ = {isa = PBXBuildFile; fileRef = C948425526E9C6E7000A3E16 /* ContentView.swift */; };
		C948425826E9C6E8000A3E16 /* Assets.xcassets in Resources */ = {isa = PBXBuildFile; fileRef = C948425726E9C6E8000A3E16 /* Assets.xcassets */; };
		C948425B26E9C6E8000A3E16 /* Preview Assets.xcassets in Resources */ = {isa = PBXBuildFile; fileRef = C948425A26E9C6E8000A3E16 /* Preview Assets.xcassets */; };
		C948426626E9C6E8000A3E16 /* DocumentViewerTests.swift in Sources */ = {isa = PBXBuildFile; fileRef = C948426526E9C6E8000A3E16 /* DocumentViewerTests.swift */; };
		C948427126E9C6E9000A3E16 /* DocumentViewerUITests.swift in Sources */ = {isa = PBXBuildFile; fileRef = C948427026E9C6E9000A3E16 /* DocumentViewerUITests.swift */; };
		C948428226E9CA6D000A3E16 /* PDFKitView.swift in Sources */ = {isa = PBXBuildFile; fileRef = C948428126E9CA6D000A3E16 /* PDFKitView.swift */; };
		C948428C26E9CBCF000A3E16 /* sample.pdf in Resources */ = {isa = PBXBuildFile; fileRef = C948428B26E9CBCF000A3E16 /* sample.pdf */; };
		C94842B426E9F1C3000A3E16 /* NonSelectablePDFView.swift in Sources */ = {isa = PBXBuildFile; fileRef = C94842AD26E9F1C2000A3E16 /* NonSelectablePDFView.swift */; };
		C94842B526E9F1C3000A3E16 /* DrawingGestureRecognizer.swift in Sources */ = {isa = PBXBuildFile; fileRef = C94842AE26E9F1C2000A3E16 /* DrawingGestureRecognizer.swift */; };
		C94842B626E9F1C3000A3E16 /* PDFAnnotationWithPath.swift in Sources */ = {isa = PBXBuildFile; fileRef = C94842AF26E9F1C2000A3E16 /* PDFAnnotationWithPath.swift */; };
		C94842B726E9F1C3000A3E16 /* UIBezierPath+.swift in Sources */ = {isa = PBXBuildFile; fileRef = C94842B026E9F1C2000A3E16 /* UIBezierPath+.swift */; };
		C94842B826E9F1C3000A3E16 /* PDFPage+Selection.swift in Sources */ = {isa = PBXBuildFile; fileRef = C94842B126E9F1C2000A3E16 /* PDFPage+Selection.swift */; };
		C94842B926E9F1C3000A3E16 /* PDFDrawer.swift in Sources */ = {isa = PBXBuildFile; fileRef = C94842B226E9F1C2000A3E16 /* PDFDrawer.swift */; };
		C94842BA26E9F1C3000A3E16 /* DrawingAnnotation.swift in Sources */ = {isa = PBXBuildFile; fileRef = C94842B326E9F1C2000A3E16 /* DrawingAnnotation.swift */; };
/* End PBXBuildFile section */

/* Begin PBXContainerItemProxy section */
		C948426226E9C6E8000A3E16 /* PBXContainerItemProxy */ = {
			isa = PBXContainerItemProxy;
			containerPortal = C948424826E9C6E7000A3E16 /* Project object */;
			proxyType = 1;
			remoteGlobalIDString = C948424F26E9C6E7000A3E16;
			remoteInfo = DocumentViewer;
		};
		C948426D26E9C6E8000A3E16 /* PBXContainerItemProxy */ = {
			isa = PBXContainerItemProxy;
			containerPortal = C948424826E9C6E7000A3E16 /* Project object */;
			proxyType = 1;
			remoteGlobalIDString = C948424F26E9C6E7000A3E16;
			remoteInfo = DocumentViewer;
		};
/* End PBXContainerItemProxy section */

/* Begin PBXFileReference section */
		C948425026E9C6E7000A3E16 /* DocumentViewer.app */ = {isa = PBXFileReference; explicitFileType = wrapper.application; includeInIndex = 0; path = DocumentViewer.app; sourceTree = BUILT_PRODUCTS_DIR; };
		C948425326E9C6E7000A3E16 /* DocumentViewerApp.swift */ = {isa = PBXFileReference; lastKnownFileType = sourcecode.swift; path = DocumentViewerApp.swift; sourceTree = "<group>"; };
		C948425526E9C6E7000A3E16 /* ContentView.swift */ = {isa = PBXFileReference; lastKnownFileType = sourcecode.swift; path = ContentView.swift; sourceTree = "<group>"; };
		C948425726E9C6E8000A3E16 /* Assets.xcassets */ = {isa = PBXFileReference; lastKnownFileType = folder.assetcatalog; path = Assets.xcassets; sourceTree = "<group>"; };
		C948425A26E9C6E8000A3E16 /* Preview Assets.xcassets */ = {isa = PBXFileReference; lastKnownFileType = folder.assetcatalog; path = "Preview Assets.xcassets"; sourceTree = "<group>"; };
		C948425C26E9C6E8000A3E16 /* Info.plist */ = {isa = PBXFileReference; lastKnownFileType = text.plist.xml; path = Info.plist; sourceTree = "<group>"; };
		C948426126E9C6E8000A3E16 /* DocumentViewerTests.xctest */ = {isa = PBXFileReference; explicitFileType = wrapper.cfbundle; includeInIndex = 0; path = DocumentViewerTests.xctest; sourceTree = BUILT_PRODUCTS_DIR; };
		C948426526E9C6E8000A3E16 /* DocumentViewerTests.swift */ = {isa = PBXFileReference; lastKnownFileType = sourcecode.swift; path = DocumentViewerTests.swift; sourceTree = "<group>"; };
		C948426726E9C6E8000A3E16 /* Info.plist */ = {isa = PBXFileReference; lastKnownFileType = text.plist.xml; path = Info.plist; sourceTree = "<group>"; };
		C948426C26E9C6E8000A3E16 /* DocumentViewerUITests.xctest */ = {isa = PBXFileReference; explicitFileType = wrapper.cfbundle; includeInIndex = 0; path = DocumentViewerUITests.xctest; sourceTree = BUILT_PRODUCTS_DIR; };
		C948427026E9C6E9000A3E16 /* DocumentViewerUITests.swift */ = {isa = PBXFileReference; lastKnownFileType = sourcecode.swift; path = DocumentViewerUITests.swift; sourceTree = "<group>"; };
		C948427226E9C6E9000A3E16 /* Info.plist */ = {isa = PBXFileReference; lastKnownFileType = text.plist.xml; path = Info.plist; sourceTree = "<group>"; };
		C948428126E9CA6D000A3E16 /* PDFKitView.swift */ = {isa = PBXFileReference; lastKnownFileType = sourcecode.swift; path = PDFKitView.swift; sourceTree = "<group>"; };
		C948428B26E9CBCF000A3E16 /* sample.pdf */ = {isa = PBXFileReference; lastKnownFileType = image.pdf; path = sample.pdf; sourceTree = "<group>"; };
		C94842AD26E9F1C2000A3E16 /* NonSelectablePDFView.swift */ = {isa = PBXFileReference; fileEncoding = 4; lastKnownFileType = sourcecode.swift; path = NonSelectablePDFView.swift; sourceTree = "<group>"; };
		C94842AE26E9F1C2000A3E16 /* DrawingGestureRecognizer.swift */ = {isa = PBXFileReference; fileEncoding = 4; lastKnownFileType = sourcecode.swift; path = DrawingGestureRecognizer.swift; sourceTree = "<group>"; };
		C94842AF26E9F1C2000A3E16 /* PDFAnnotationWithPath.swift */ = {isa = PBXFileReference; fileEncoding = 4; lastKnownFileType = sourcecode.swift; path = PDFAnnotationWithPath.swift; sourceTree = "<group>"; };
		C94842B026E9F1C2000A3E16 /* UIBezierPath+.swift */ = {isa = PBXFileReference; fileEncoding = 4; lastKnownFileType = sourcecode.swift; path = "UIBezierPath+.swift"; sourceTree = "<group>"; };
		C94842B126E9F1C2000A3E16 /* PDFPage+Selection.swift */ = {isa = PBXFileReference; fileEncoding = 4; lastKnownFileType = sourcecode.swift; path = "PDFPage+Selection.swift"; sourceTree = "<group>"; };
		C94842B226E9F1C2000A3E16 /* PDFDrawer.swift */ = {isa = PBXFileReference; fileEncoding = 4; lastKnownFileType = sourcecode.swift; path = PDFDrawer.swift; sourceTree = "<group>"; };
		C94842B326E9F1C2000A3E16 /* DrawingAnnotation.swift */ = {isa = PBXFileReference; fileEncoding = 4; lastKnownFileType = sourcecode.swift; path = DrawingAnnotation.swift; sourceTree = "<group>"; };
/* End PBXFileReference section */

/* Begin PBXFrameworksBuildPhase section */
		C948424D26E9C6E7000A3E16 /* Frameworks */ = {
			isa = PBXFrameworksBuildPhase;
			buildActionMask = 2147483647;
			files = (
			);
			runOnlyForDeploymentPostprocessing = 0;
		};
		C948425E26E9C6E8000A3E16 /* Frameworks */ = {
			isa = PBXFrameworksBuildPhase;
			buildActionMask = 2147483647;
			files = (
			);
			runOnlyForDeploymentPostprocessing = 0;
		};
		C948426926E9C6E8000A3E16 /* Frameworks */ = {
			isa = PBXFrameworksBuildPhase;
			buildActionMask = 2147483647;
			files = (
			);
			runOnlyForDeploymentPostprocessing = 0;
		};
/* End PBXFrameworksBuildPhase section */

/* Begin PBXGroup section */
		C948424726E9C6E7000A3E16 = {
			isa = PBXGroup;
			children = (
				C948425226E9C6E7000A3E16 /* DocumentViewer */,
				C948426426E9C6E8000A3E16 /* DocumentViewerTests */,
				C948426F26E9C6E9000A3E16 /* DocumentViewerUITests */,
				C948425126E9C6E7000A3E16 /* Products */,
			);
			sourceTree = "<group>";
		};
		C948425126E9C6E7000A3E16 /* Products */ = {
			isa = PBXGroup;
			children = (
				C948425026E9C6E7000A3E16 /* DocumentViewer.app */,
				C948426126E9C6E8000A3E16 /* DocumentViewerTests.xctest */,
				C948426C26E9C6E8000A3E16 /* DocumentViewerUITests.xctest */,
			);
			name = Products;
			sourceTree = "<group>";
		};
		C948425226E9C6E7000A3E16 /* DocumentViewer */ = {
			isa = PBXGroup;
			children = (
				C948429A26E9E2FB000A3E16 /* PDFKitView */,
				C948425326E9C6E7000A3E16 /* DocumentViewerApp.swift */,
				C948425526E9C6E7000A3E16 /* ContentView.swift */,
				C948425726E9C6E8000A3E16 /* Assets.xcassets */,
				C948428B26E9CBCF000A3E16 /* sample.pdf */,
				C948425C26E9C6E8000A3E16 /* Info.plist */,
				C948425926E9C6E8000A3E16 /* Preview Content */,
			);
			path = DocumentViewer;
			sourceTree = "<group>";
		};
		C948425926E9C6E8000A3E16 /* Preview Content */ = {
			isa = PBXGroup;
			children = (
				C948425A26E9C6E8000A3E16 /* Preview Assets.xcassets */,
			);
			path = "Preview Content";
			sourceTree = "<group>";
		};
		C948426426E9C6E8000A3E16 /* DocumentViewerTests */ = {
			isa = PBXGroup;
			children = (
				C948426526E9C6E8000A3E16 /* DocumentViewerTests.swift */,
				C948426726E9C6E8000A3E16 /* Info.plist */,
			);
			path = DocumentViewerTests;
			sourceTree = "<group>";
		};
		C948426F26E9C6E9000A3E16 /* DocumentViewerUITests */ = {
			isa = PBXGroup;
			children = (
				C948427026E9C6E9000A3E16 /* DocumentViewerUITests.swift */,
				C948427226E9C6E9000A3E16 /* Info.plist */,
			);
			path = DocumentViewerUITests;
			sourceTree = "<group>";
		};
		C948429A26E9E2FB000A3E16 /* PDFKitView */ = {
			isa = PBXGroup;
			children = (
				C948428126E9CA6D000A3E16 /* PDFKitView.swift */,
				C94842AC26E9F1C2000A3E16 /* Drawing */,
			);
			path = PDFKitView;
			sourceTree = "<group>";
		};
		C94842AC26E9F1C2000A3E16 /* Drawing */ = {
			isa = PBXGroup;
			children = (
				C94842AD26E9F1C2000A3E16 /* NonSelectablePDFView.swift */,
				C94842AE26E9F1C2000A3E16 /* DrawingGestureRecognizer.swift */,
				C94842AF26E9F1C2000A3E16 /* PDFAnnotationWithPath.swift */,
				C94842B026E9F1C2000A3E16 /* UIBezierPath+.swift */,
				C94842B126E9F1C2000A3E16 /* PDFPage+Selection.swift */,
				C94842B226E9F1C2000A3E16 /* PDFDrawer.swift */,
				C94842B326E9F1C2000A3E16 /* DrawingAnnotation.swift */,
			);
			path = Drawing;
			sourceTree = "<group>";
		};
/* End PBXGroup section */

/* Begin PBXNativeTarget section */
		C948424F26E9C6E7000A3E16 /* DocumentViewer */ = {
			isa = PBXNativeTarget;
			buildConfigurationList = C948427526E9C6E9000A3E16 /* Build configuration list for PBXNativeTarget "DocumentViewer" */;
			buildPhases = (
				C948424C26E9C6E7000A3E16 /* Sources */,
				C948424D26E9C6E7000A3E16 /* Frameworks */,
				C948424E26E9C6E7000A3E16 /* Resources */,
			);
			buildRules = (
			);
			dependencies = (
			);
			name = DocumentViewer;
			productName = DocumentViewer;
			productReference = C948425026E9C6E7000A3E16 /* DocumentViewer.app */;
			productType = "com.apple.product-type.application";
		};
		C948426026E9C6E8000A3E16 /* DocumentViewerTests */ = {
			isa = PBXNativeTarget;
			buildConfigurationList = C948427826E9C6E9000A3E16 /* Build configuration list for PBXNativeTarget "DocumentViewerTests" */;
			buildPhases = (
				C948425D26E9C6E8000A3E16 /* Sources */,
				C948425E26E9C6E8000A3E16 /* Frameworks */,
				C948425F26E9C6E8000A3E16 /* Resources */,
			);
			buildRules = (
			);
			dependencies = (
				C948426326E9C6E8000A3E16 /* PBXTargetDependency */,
			);
			name = DocumentViewerTests;
			productName = DocumentViewerTests;
			productReference = C948426126E9C6E8000A3E16 /* DocumentViewerTests.xctest */;
			productType = "com.apple.product-type.bundle.unit-test";
		};
		C948426B26E9C6E8000A3E16 /* DocumentViewerUITests */ = {
			isa = PBXNativeTarget;
			buildConfigurationList = C948427B26E9C6E9000A3E16 /* Build configuration list for PBXNativeTarget "DocumentViewerUITests" */;
			buildPhases = (
				C948426826E9C6E8000A3E16 /* Sources */,
				C948426926E9C6E8000A3E16 /* Frameworks */,
				C948426A26E9C6E8000A3E16 /* Resources */,
			);
			buildRules = (
			);
			dependencies = (
				C948426E26E9C6E8000A3E16 /* PBXTargetDependency */,
			);
			name = DocumentViewerUITests;
			productName = DocumentViewerUITests;
			productReference = C948426C26E9C6E8000A3E16 /* DocumentViewerUITests.xctest */;
			productType = "com.apple.product-type.bundle.ui-testing";
		};
/* End PBXNativeTarget section */

/* Begin PBXProject section */
		C948424826E9C6E7000A3E16 /* Project object */ = {
			isa = PBXProject;
			attributes = {
				LastSwiftUpdateCheck = 1240;
				LastUpgradeCheck = 1240;
				TargetAttributes = {
					C948424F26E9C6E7000A3E16 = {
						CreatedOnToolsVersion = 12.4;
					};
					C948426026E9C6E8000A3E16 = {
						CreatedOnToolsVersion = 12.4;
						TestTargetID = C948424F26E9C6E7000A3E16;
					};
					C948426B26E9C6E8000A3E16 = {
						CreatedOnToolsVersion = 12.4;
						TestTargetID = C948424F26E9C6E7000A3E16;
					};
				};
			};
			buildConfigurationList = C948424B26E9C6E7000A3E16 /* Build configuration list for PBXProject "DocumentViewer" */;
			compatibilityVersion = "Xcode 9.3";
			developmentRegion = en;
			hasScannedForEncodings = 0;
			knownRegions = (
				en,
				Base,
			);
			mainGroup = C948424726E9C6E7000A3E16;
			productRefGroup = C948425126E9C6E7000A3E16 /* Products */;
			projectDirPath = "";
			projectRoot = "";
			targets = (
				C948424F26E9C6E7000A3E16 /* DocumentViewer */,
				C948426026E9C6E8000A3E16 /* DocumentViewerTests */,
				C948426B26E9C6E8000A3E16 /* DocumentViewerUITests */,
			);
		};
/* End PBXProject section */

/* Begin PBXResourcesBuildPhase section */
		C948424E26E9C6E7000A3E16 /* Resources */ = {
			isa = PBXResourcesBuildPhase;
			buildActionMask = 2147483647;
			files = (
				C948428C26E9CBCF000A3E16 /* sample.pdf in Resources */,
				C948425B26E9C6E8000A3E16 /* Preview Assets.xcassets in Resources */,
				C948425826E9C6E8000A3E16 /* Assets.xcassets in Resources */,
			);
			runOnlyForDeploymentPostprocessing = 0;
		};
		C948425F26E9C6E8000A3E16 /* Resources */ = {
			isa = PBXResourcesBuildPhase;
			buildActionMask = 2147483647;
			files = (
			);
			runOnlyForDeploymentPostprocessing = 0;
		};
		C948426A26E9C6E8000A3E16 /* Resources */ = {
			isa = PBXResourcesBuildPhase;
			buildActionMask = 2147483647;
			files = (
			);
			runOnlyForDeploymentPostprocessing = 0;
		};
/* End PBXResourcesBuildPhase section */

/* Begin PBXSourcesBuildPhase section */
		C948424C26E9C6E7000A3E16 /* Sources */ = {
			isa = PBXSourcesBuildPhase;
			buildActionMask = 2147483647;
			files = (
				C94842B626E9F1C3000A3E16 /* PDFAnnotationWithPath.swift in Sources */,
				C94842BA26E9F1C3000A3E16 /* DrawingAnnotation.swift in Sources */,
				C948428226E9CA6D000A3E16 /* PDFKitView.swift in Sources */,
				C94842B826E9F1C3000A3E16 /* PDFPage+Selection.swift in Sources */,
				C94842B526E9F1C3000A3E16 /* DrawingGestureRecognizer.swift in Sources */,
				C94842B426E9F1C3000A3E16 /* NonSelectablePDFView.swift in Sources */,
				C948425626E9C6E7000A3E16 /* ContentView.swift in Sources */,
				C94842B926E9F1C3000A3E16 /* PDFDrawer.swift in Sources */,
				C94842B726E9F1C3000A3E16 /* UIBezierPath+.swift in Sources */,
				C948425426E9C6E7000A3E16 /* DocumentViewerApp.swift in Sources */,
			);
			runOnlyForDeploymentPostprocessing = 0;
		};
		C948425D26E9C6E8000A3E16 /* Sources */ = {
			isa = PBXSourcesBuildPhase;
			buildActionMask = 2147483647;
			files = (
				C948426626E9C6E8000A3E16 /* DocumentViewerTests.swift in Sources */,
			);
			runOnlyForDeploymentPostprocessing = 0;
		};
		C948426826E9C6E8000A3E16 /* Sources */ = {
			isa = PBXSourcesBuildPhase;
			buildActionMask = 2147483647;
			files = (
				C948427126E9C6E9000A3E16 /* DocumentViewerUITests.swift in Sources */,
			);
			runOnlyForDeploymentPostprocessing = 0;
		};
/* End PBXSourcesBuildPhase section */

/* Begin PBXTargetDependency section */
		C948426326E9C6E8000A3E16 /* PBXTargetDependency */ = {
			isa = PBXTargetDependency;
			target = C948424F26E9C6E7000A3E16 /* DocumentViewer */;
			targetProxy = C948426226E9C6E8000A3E16 /* PBXContainerItemProxy */;
		};
		C948426E26E9C6E8000A3E16 /* PBXTargetDependency */ = {
			isa = PBXTargetDependency;
			target = C948424F26E9C6E7000A3E16 /* DocumentViewer */;
			targetProxy = C948426D26E9C6E8000A3E16 /* PBXContainerItemProxy */;
		};
/* End PBXTargetDependency section */

/* Begin XCBuildConfiguration section */
		C948427326E9C6E9000A3E16 /* Debug */ = {
			isa = XCBuildConfiguration;
			buildSettings = {
				ALWAYS_SEARCH_USER_PATHS = NO;
				CLANG_ANALYZER_NONNULL = YES;
				CLANG_ANALYZER_NUMBER_OBJECT_CONVERSION = YES_AGGRESSIVE;
				CLANG_CXX_LANGUAGE_STANDARD = "gnu++14";
				CLANG_CXX_LIBRARY = "libc++";
				CLANG_ENABLE_MODULES = YES;
				CLANG_ENABLE_OBJC_ARC = YES;
				CLANG_ENABLE_OBJC_WEAK = YES;
				CLANG_WARN_BLOCK_CAPTURE_AUTORELEASING = YES;
				CLANG_WARN_BOOL_CONVERSION = YES;
				CLANG_WARN_COMMA = YES;
				CLANG_WARN_CONSTANT_CONVERSION = YES;
				CLANG_WARN_DEPRECATED_OBJC_IMPLEMENTATIONS = YES;
				CLANG_WARN_DIRECT_OBJC_ISA_USAGE = YES_ERROR;
				CLANG_WARN_DOCUMENTATION_COMMENTS = YES;
				CLANG_WARN_EMPTY_BODY = YES;
				CLANG_WARN_ENUM_CONVERSION = YES;
				CLANG_WARN_INFINITE_RECURSION = YES;
				CLANG_WARN_INT_CONVERSION = YES;
				CLANG_WARN_NON_LITERAL_NULL_CONVERSION = YES;
				CLANG_WARN_OBJC_IMPLICIT_RETAIN_SELF = YES;
				CLANG_WARN_OBJC_LITERAL_CONVERSION = YES;
				CLANG_WARN_OBJC_ROOT_CLASS = YES_ERROR;
				CLANG_WARN_QUOTED_INCLUDE_IN_FRAMEWORK_HEADER = YES;
				CLANG_WARN_RANGE_LOOP_ANALYSIS = YES;
				CLANG_WARN_STRICT_PROTOTYPES = YES;
				CLANG_WARN_SUSPICIOUS_MOVE = YES;
				CLANG_WARN_UNGUARDED_AVAILABILITY = YES_AGGRESSIVE;
				CLANG_WARN_UNREACHABLE_CODE = YES;
				CLANG_WARN__DUPLICATE_METHOD_MATCH = YES;
				COPY_PHASE_STRIP = NO;
				DEBUG_INFORMATION_FORMAT = dwarf;
				ENABLE_STRICT_OBJC_MSGSEND = YES;
				ENABLE_TESTABILITY = YES;
				GCC_C_LANGUAGE_STANDARD = gnu11;
				GCC_DYNAMIC_NO_PIC = NO;
				GCC_NO_COMMON_BLOCKS = YES;
				GCC_OPTIMIZATION_LEVEL = 0;
				GCC_PREPROCESSOR_DEFINITIONS = (
					"DEBUG=1",
					"$(inherited)",
				);
				GCC_WARN_64_TO_32_BIT_CONVERSION = YES;
				GCC_WARN_ABOUT_RETURN_TYPE = YES_ERROR;
				GCC_WARN_UNDECLARED_SELECTOR = YES;
				GCC_WARN_UNINITIALIZED_AUTOS = YES_AGGRESSIVE;
				GCC_WARN_UNUSED_FUNCTION = YES;
				GCC_WARN_UNUSED_VARIABLE = YES;
				IPHONEOS_DEPLOYMENT_TARGET = 14.4;
				MTL_ENABLE_DEBUG_INFO = INCLUDE_SOURCE;
				MTL_FAST_MATH = YES;
				ONLY_ACTIVE_ARCH = YES;
				SDKROOT = iphoneos;
				SWIFT_ACTIVE_COMPILATION_CONDITIONS = DEBUG;
				SWIFT_OPTIMIZATION_LEVEL = "-Onone";
			};
			name = Debug;
		};
		C948427426E9C6E9000A3E16 /* Release */ = {
			isa = XCBuildConfiguration;
			buildSettings = {
				ALWAYS_SEARCH_USER_PATHS = NO;
				CLANG_ANALYZER_NONNULL = YES;
				CLANG_ANALYZER_NUMBER_OBJECT_CONVERSION = YES_AGGRESSIVE;
				CLANG_CXX_LANGUAGE_STANDARD = "gnu++14";
				CLANG_CXX_LIBRARY = "libc++";
				CLANG_ENABLE_MODULES = YES;
				CLANG_ENABLE_OBJC_ARC = YES;
				CLANG_ENABLE_OBJC_WEAK = YES;
				CLANG_WARN_BLOCK_CAPTURE_AUTORELEASING = YES;
				CLANG_WARN_BOOL_CONVERSION = YES;
				CLANG_WARN_COMMA = YES;
				CLANG_WARN_CONSTANT_CONVERSION = YES;
				CLANG_WARN_DEPRECATED_OBJC_IMPLEMENTATIONS = YES;
				CLANG_WARN_DIRECT_OBJC_ISA_USAGE = YES_ERROR;
				CLANG_WARN_DOCUMENTATION_COMMENTS = YES;
				CLANG_WARN_EMPTY_BODY = YES;
				CLANG_WARN_ENUM_CONVERSION = YES;
				CLANG_WARN_INFINITE_RECURSION = YES;
				CLANG_WARN_INT_CONVERSION = YES;
				CLANG_WARN_NON_LITERAL_NULL_CONVERSION = YES;
				CLANG_WARN_OBJC_IMPLICIT_RETAIN_SELF = YES;
				CLANG_WARN_OBJC_LITERAL_CONVERSION = YES;
				CLANG_WARN_OBJC_ROOT_CLASS = YES_ERROR;
				CLANG_WARN_QUOTED_INCLUDE_IN_FRAMEWORK_HEADER = YES;
				CLANG_WARN_RANGE_LOOP_ANALYSIS = YES;
				CLANG_WARN_STRICT_PROTOTYPES = YES;
				CLANG_WARN_SUSPICIOUS_MOVE = YES;
				CLANG_WARN_UNGUARDED_AVAILABILITY = YES_AGGRESSIVE;
				CLANG_WARN_UNREACHABLE_CODE = YES;
				CLANG_WARN__DUPLICATE_METHOD_MATCH = YES;
				COPY_PHASE_STRIP = NO;
				DEBUG_INFORMATION_FORMAT = "dwarf-with-dsym";
				ENABLE_NS_ASSERTIONS = NO;
				ENABLE_STRICT_OBJC_MSGSEND = YES;
				GCC_C_LANGUAGE_STANDARD = gnu11;
				GCC_NO_COMMON_BLOCKS = YES;
				GCC_WARN_64_TO_32_BIT_CONVERSION = YES;
				GCC_WARN_ABOUT_RETURN_TYPE = YES_ERROR;
				GCC_WARN_UNDECLARED_SELECTOR = YES;
				GCC_WARN_UNINITIALIZED_AUTOS = YES_AGGRESSIVE;
				GCC_WARN_UNUSED_FUNCTION = YES;
				GCC_WARN_UNUSED_VARIABLE = YES;
				IPHONEOS_DEPLOYMENT_TARGET = 14.4;
				MTL_ENABLE_DEBUG_INFO = NO;
				MTL_FAST_MATH = YES;
				SDKROOT = iphoneos;
				SWIFT_COMPILATION_MODE = wholemodule;
				SWIFT_OPTIMIZATION_LEVEL = "-O";
				VALIDATE_PRODUCT = YES;
			};
			name = Release;
		};
		C948427626E9C6E9000A3E16 /* Debug */ = {
			isa = XCBuildConfiguration;
			buildSettings = {
				ASSETCATALOG_COMPILER_APPICON_NAME = AppIcon;
				ASSETCATALOG_COMPILER_GLOBAL_ACCENT_COLOR_NAME = AccentColor;
				CODE_SIGN_STYLE = Automatic;
				DEVELOPMENT_ASSET_PATHS = "\"DocumentViewer/Preview Content\"";
				ENABLE_PREVIEWS = YES;
				INFOPLIST_FILE = DocumentViewer/Info.plist;
				IPHONEOS_DEPLOYMENT_TARGET = 14.0;
				LD_RUNPATH_SEARCH_PATHS = (
					"$(inherited)",
					"@executable_path/Frameworks",
				);
				PRODUCT_BUNDLE_IDENTIFIER = com.demo.DocumentViewer;
				PRODUCT_NAME = "$(TARGET_NAME)";
				SWIFT_VERSION = 5.0;
				TARGETED_DEVICE_FAMILY = "1,2";
			};
			name = Debug;
		};
		C948427726E9C6E9000A3E16 /* Release */ = {
			isa = XCBuildConfiguration;
			buildSettings = {
				ASSETCATALOG_COMPILER_APPICON_NAME = AppIcon;
				ASSETCATALOG_COMPILER_GLOBAL_ACCENT_COLOR_NAME = AccentColor;
				CODE_SIGN_STYLE = Automatic;
				DEVELOPMENT_ASSET_PATHS = "\"DocumentViewer/Preview Content\"";
				ENABLE_PREVIEWS = YES;
				INFOPLIST_FILE = DocumentViewer/Info.plist;
				IPHONEOS_DEPLOYMENT_TARGET = 14.0;
				LD_RUNPATH_SEARCH_PATHS = (
					"$(inherited)",
					"@executable_path/Frameworks",
				);
				PRODUCT_BUNDLE_IDENTIFIER = com.demo.DocumentViewer;
				PRODUCT_NAME = "$(TARGET_NAME)";
				SWIFT_VERSION = 5.0;
				TARGETED_DEVICE_FAMILY = "1,2";
			};
			name = Release;
		};
		C948427926E9C6E9000A3E16 /* Debug */ = {
			isa = XCBuildConfiguration;
			buildSettings = {
				ALWAYS_EMBED_SWIFT_STANDARD_LIBRARIES = YES;
				BUNDLE_LOADER = "$(TEST_HOST)";
				CODE_SIGN_STYLE = Automatic;
				INFOPLIST_FILE = DocumentViewerTests/Info.plist;
				IPHONEOS_DEPLOYMENT_TARGET = 14.0;
				LD_RUNPATH_SEARCH_PATHS = (
					"$(inherited)",
					"@executable_path/Frameworks",
					"@loader_path/Frameworks",
				);
				PRODUCT_BUNDLE_IDENTIFIER = com.demo.DocumentViewerTests;
				PRODUCT_NAME = "$(TARGET_NAME)";
				SWIFT_VERSION = 5.0;
				TARGETED_DEVICE_FAMILY = "1,2";
				TEST_HOST = "$(BUILT_PRODUCTS_DIR)/DocumentViewer.app/DocumentViewer";
			};
			name = Debug;
		};
		C948427A26E9C6E9000A3E16 /* Release */ = {
			isa = XCBuildConfiguration;
			buildSettings = {
				ALWAYS_EMBED_SWIFT_STANDARD_LIBRARIES = YES;
				BUNDLE_LOADER = "$(TEST_HOST)";
				CODE_SIGN_STYLE = Automatic;
				INFOPLIST_FILE = DocumentViewerTests/Info.plist;
				IPHONEOS_DEPLOYMENT_TARGET = 14.0;
				LD_RUNPATH_SEARCH_PATHS = (
					"$(inherited)",
					"@executable_path/Frameworks",
					"@loader_path/Frameworks",
				);
				PRODUCT_BUNDLE_IDENTIFIER = com.demo.DocumentViewerTests;
				PRODUCT_NAME = "$(TARGET_NAME)";
				SWIFT_VERSION = 5.0;
				TARGETED_DEVICE_FAMILY = "1,2";
				TEST_HOST = "$(BUILT_PRODUCTS_DIR)/DocumentViewer.app/DocumentViewer";
			};
			name = Release;
		};
		C948427C26E9C6E9000A3E16 /* Debug */ = {
			isa = XCBuildConfiguration;
			buildSettings = {
				ALWAYS_EMBED_SWIFT_STANDARD_LIBRARIES = YES;
				CODE_SIGN_STYLE = Automatic;
				INFOPLIST_FILE = DocumentViewerUITests/Info.plist;
				LD_RUNPATH_SEARCH_PATHS = (
					"$(inherited)",
					"@executable_path/Frameworks",
					"@loader_path/Frameworks",
				);
				PRODUCT_BUNDLE_IDENTIFIER = com.demo.DocumentViewerUITests;
				PRODUCT_NAME = "$(TARGET_NAME)";
				SWIFT_VERSION = 5.0;
				TARGETED_DEVICE_FAMILY = "1,2";
				TEST_TARGET_NAME = DocumentViewer;
			};
			name = Debug;
		};
		C948427D26E9C6E9000A3E16 /* Release */ = {
			isa = XCBuildConfiguration;
			buildSettings = {
				ALWAYS_EMBED_SWIFT_STANDARD_LIBRARIES = YES;
				CODE_SIGN_STYLE = Automatic;
				INFOPLIST_FILE = DocumentViewerUITests/Info.plist;
				LD_RUNPATH_SEARCH_PATHS = (
					"$(inherited)",
					"@executable_path/Frameworks",
					"@loader_path/Frameworks",
				);
				PRODUCT_BUNDLE_IDENTIFIER = com.demo.DocumentViewerUITests;
				PRODUCT_NAME = "$(TARGET_NAME)";
				SWIFT_VERSION = 5.0;
				TARGETED_DEVICE_FAMILY = "1,2";
				TEST_TARGET_NAME = DocumentViewer;
			};
			name = Release;
		};
/* End XCBuildConfiguration section */

/* Begin XCConfigurationList section */
		C948424B26E9C6E7000A3E16 /* Build configuration list for PBXProject "DocumentViewer" */ = {
			isa = XCConfigurationList;
			buildConfigurations = (
				C948427326E9C6E9000A3E16 /* Debug */,
				C948427426E9C6E9000A3E16 /* Release */,
			);
			defaultConfigurationIsVisible = 0;
			defaultConfigurationName = Release;
		};
		C948427526E9C6E9000A3E16 /* Build configuration list for PBXNativeTarget "DocumentViewer" */ = {
			isa = XCConfigurationList;
			buildConfigurations = (
				C948427626E9C6E9000A3E16 /* Debug */,
				C948427726E9C6E9000A3E16 /* Release */,
			);
			defaultConfigurationIsVisible = 0;
			defaultConfigurationName = Release;
		};
		C948427826E9C6E9000A3E16 /* Build configuration list for PBXNativeTarget "DocumentViewerTests" */ = {
			isa = XCConfigurationList;
			buildConfigurations = (
				C948427926E9C6E9000A3E16 /* Debug */,
				C948427A26E9C6E9000A3E16 /* Release */,
			);
			defaultConfigurationIsVisible = 0;
			defaultConfigurationName = Release;
		};
		C948427B26E9C6E9000A3E16 /* Build configuration list for PBXNativeTarget "DocumentViewerUITests" */ = {
			isa = XCConfigurationList;
			buildConfigurations = (
				C948427C26E9C6E9000A3E16 /* Debug */,
				C948427D26E9C6E9000A3E16 /* Release */,
			);
			defaultConfigurationIsVisible = 0;
			defaultConfigurationName = Release;
		};
/* End XCConfigurationList section */
	};
	rootObject = C948424826E9C6E7000A3E16 /* Project object */;
}
